
Microsoft Visual Studio Solution File, Format Version 12.00
# Visual Studio Version 17
VisualStudioVersion = 17.8.34330.188
MinimumVisualStudioVersion = 10.0.40219.1
Project("{FAE04EC0-301F-11D3-BF4B-00C04F79EFBC}") = "Supermarket", "Supermarket\Supermarket.csproj", "{6C251BAF-3F94-4323-B6EC-559DCC480492}"
EndProject
Global
	GlobalSection(SolutionConfigurationPlatforms) = preSolution
		Debug|Any CPU = Debug|Any CPU
		Release|Any CPU = Release|Any CPU
	EndGlobalSection
	GlobalSection(ProjectConfigurationPlatforms) = postSolution
		{6C251BAF-3F94-4323-B6EC-559DCC480492}.Debug|Any CPU.ActiveCfg = Debug|Any CPU
		{6C251BAF-3F94-4323-B6EC-559DCC480492}.Debug|Any CPU.Build.0 = Debug|Any CPU
		{6C251BAF-3F94-4323-B6EC-559DCC480492}.Release|Any CPU.ActiveCfg = Release|Any CPU
		{6C251BAF-3F94-4323-B6EC-559DCC480492}.Release|Any CPU.Build.0 = Release|Any CPU
	EndGlobalSection
	GlobalSection(SolutionProperties) = preSolution
		HideSolutionNode = FALSE
	EndGlobalSection
	GlobalSection(ExtensibilityGlobals) = postSolution
		SolutionGuid = {0EBBAABA-5D1B-4956-B165-581430A9D842}
	EndGlobalSection
EndGlobal
